// !$*UTF8*$!
{
	archiveVersion = 1;
	classes = {
	};
	objectVersion = 51;
	objects = {

/* Begin PBXBuildFile section */
		0E4EFDEB126B855BC1C996FB /* Pods_I2SN.framework in Frameworks */ = {isa = PBXBuildFile; fileRef = 4EAEEFC9B7D1DD934489F3EC /* Pods_I2SN.framework */; };
		2D65B40D67D0D4F9EBC8B1EE /* Pods_I2SN_I2SNUITests.framework in Frameworks */ = {isa = PBXBuildFile; fileRef = B4EF6953054886FDDBEC9730 /* Pods_I2SN_I2SNUITests.framework */; };
		793A21E425BBFF350065BCC3 /* HomeViewController.swift in Sources */ = {isa = PBXBuildFile; fileRef = 793A21E325BBFF350065BCC3 /* HomeViewController.swift */; };
		796085BD25C04E3B00CBE361 /* TimeCell.swift in Sources */ = {isa = PBXBuildFile; fileRef = 796085BC25C04E3B00CBE361 /* TimeCell.swift */; };
		796085C325C2713600CBE361 /* DataKeys.swift in Sources */ = {isa = PBXBuildFile; fileRef = 796085C225C2713600CBE361 /* DataKeys.swift */; };
		7964CAB925C6EC1F00EFC779 /* GoogleService-Info.plist in Resources */ = {isa = PBXBuildFile; fileRef = 7964CAB825C6EC1F00EFC779 /* GoogleService-Info.plist */; };
		7964CB2A25CB09D600EFC779 /* SoundCell.swift in Sources */ = {isa = PBXBuildFile; fileRef = 7964CB2925CB09D600EFC779 /* SoundCell.swift */; };
		7964CB2F25CB1A7D00EFC779 /* SoundViewController.swift in Sources */ = {isa = PBXBuildFile; fileRef = 7964CB2E25CB1A7D00EFC779 /* SoundViewController.swift */; };
		7964CB3425CB2A4C00EFC779 /* SelectCell.swift in Sources */ = {isa = PBXBuildFile; fileRef = 7964CB3325CB2A4C00EFC779 /* SelectCell.swift */; };
		7EEF986FCC1691BA0F2FC3F5 /* Pods_I2SNTests.framework in Frameworks */ = {isa = PBXBuildFile; fileRef = F154CCD4A4DB7AC3F5699F9B /* Pods_I2SNTests.framework */; };
		88054D4125CE7A9A001A0D21 /* 자명종 소리.mp3 in Resources */ = {isa = PBXBuildFile; fileRef = 88054D3625CE7A99001A0D21 /* 자명종 소리.mp3 */; };
		88054D4225CE7A9A001A0D21 /* 삐비동.mp3 in Resources */ = {isa = PBXBuildFile; fileRef = 88054D3725CE7A99001A0D21 /* 삐비동.mp3 */; };
		88054D4325CE7A9A001A0D21 /* 긴 전화벨 소리.mp3 in Resources */ = {isa = PBXBuildFile; fileRef = 88054D3825CE7A99001A0D21 /* 긴 전화벨 소리.mp3 */; };
		88054D4425CE7A9A001A0D21 /* 포효.mp3 in Resources */ = {isa = PBXBuildFile; fileRef = 88054D3925CE7A9A001A0D21 /* 포효.mp3 */; };
		88054D4525CE7A9A001A0D21 /* 꼬꼬댁.mp3 in Resources */ = {isa = PBXBuildFile; fileRef = 88054D3A25CE7A9A001A0D21 /* 꼬꼬댁.mp3 */; };
		88054D4625CE7A9A001A0D21 /* 빠른 삐삐삐삐.mp3 in Resources */ = {isa = PBXBuildFile; fileRef = 88054D3B25CE7A9A001A0D21 /* 빠른 삐삐삐삐.mp3 */; };
		88054D4725CE7A9A001A0D21 /* 학교 벨소리.mp3 in Resources */ = {isa = PBXBuildFile; fileRef = 88054D3C25CE7A9A001A0D21 /* 학교 벨소리.mp3 */; };
		88054D4825CE7A9A001A0D21 /* 삐삐삐삐.mp3 in Resources */ = {isa = PBXBuildFile; fileRef = 88054D3D25CE7A9A001A0D21 /* 삐삐삐삐.mp3 */; };
		88054D4925CE7A9A001A0D21 /* 방사능 위험.mp3 in Resources */ = {isa = PBXBuildFile; fileRef = 88054D3E25CE7A9A001A0D21 /* 방사능 위험.mp3 */; };
		88054D4A25CE7A9A001A0D21 /* 비상벨.mp3 in Resources */ = {isa = PBXBuildFile; fileRef = 88054D3F25CE7A9A001A0D21 /* 비상벨.mp3 */; };
		88054D4B25CE7A9A001A0D21 /* 삐삐.mp3 in Resources */ = {isa = PBXBuildFile; fileRef = 88054D4025CE7A9A001A0D21 /* 삐삐.mp3 */; };
		8840246725BACE8400CB1ADF /* AppDelegate.swift in Sources */ = {isa = PBXBuildFile; fileRef = 8840246625BACE8400CB1ADF /* AppDelegate.swift */; };
		8840246925BACE8400CB1ADF /* SceneDelegate.swift in Sources */ = {isa = PBXBuildFile; fileRef = 8840246825BACE8400CB1ADF /* SceneDelegate.swift */; };
		8840246E25BACE8400CB1ADF /* Main.storyboard in Resources */ = {isa = PBXBuildFile; fileRef = 8840246C25BACE8400CB1ADF /* Main.storyboard */; };
		8840247025BACE8500CB1ADF /* Assets.xcassets in Resources */ = {isa = PBXBuildFile; fileRef = 8840246F25BACE8500CB1ADF /* Assets.xcassets */; };
		8840247325BACE8500CB1ADF /* LaunchScreen.storyboard in Resources */ = {isa = PBXBuildFile; fileRef = 8840247125BACE8500CB1ADF /* LaunchScreen.storyboard */; };
		8840247E25BACE8500CB1ADF /* I2SNTests.swift in Sources */ = {isa = PBXBuildFile; fileRef = 8840247D25BACE8500CB1ADF /* I2SNTests.swift */; };
		8840248925BACE8500CB1ADF /* I2SNUITests.swift in Sources */ = {isa = PBXBuildFile; fileRef = 8840248825BACE8500CB1ADF /* I2SNUITests.swift */; };
		884024C525BB17C400CB1ADF /* SettingViewController.swift in Sources */ = {isa = PBXBuildFile; fileRef = 884024C425BB17C400CB1ADF /* SettingViewController.swift */; };
		88ADF98925DBF4ED0079ED35 /* AudioToolbox.framework in Frameworks */ = {isa = PBXBuildFile; fileRef = 88ADF98825DBF4ED0079ED35 /* AudioToolbox.framework */; };
/* End PBXBuildFile section */

/* Begin PBXContainerItemProxy section */
		8840247A25BACE8500CB1ADF /* PBXContainerItemProxy */ = {
			isa = PBXContainerItemProxy;
			containerPortal = 8840245B25BACE8400CB1ADF /* Project object */;
			proxyType = 1;
			remoteGlobalIDString = 8840246225BACE8400CB1ADF;
			remoteInfo = I2SN;
		};
		8840248525BACE8500CB1ADF /* PBXContainerItemProxy */ = {
			isa = PBXContainerItemProxy;
			containerPortal = 8840245B25BACE8400CB1ADF /* Project object */;
			proxyType = 1;
			remoteGlobalIDString = 8840246225BACE8400CB1ADF;
			remoteInfo = I2SN;
		};
/* End PBXContainerItemProxy section */

/* Begin PBXFileReference section */
		06A698295BDC537EF9B3D70A /* Pods-I2SN.debug.xcconfig */ = {isa = PBXFileReference; includeInIndex = 1; lastKnownFileType = text.xcconfig; name = "Pods-I2SN.debug.xcconfig"; path = "Target Support Files/Pods-I2SN/Pods-I2SN.debug.xcconfig"; sourceTree = "<group>"; };
		17B22EF2EC49FDC4414FA072 /* Pods-I2SN-I2SNUITests.debug.xcconfig */ = {isa = PBXFileReference; includeInIndex = 1; lastKnownFileType = text.xcconfig; name = "Pods-I2SN-I2SNUITests.debug.xcconfig"; path = "Target Support Files/Pods-I2SN-I2SNUITests/Pods-I2SN-I2SNUITests.debug.xcconfig"; sourceTree = "<group>"; };
		3C0267F620AD015FC91CAC9D /* Pods-I2SN-I2SNUITests.release.xcconfig */ = {isa = PBXFileReference; includeInIndex = 1; lastKnownFileType = text.xcconfig; name = "Pods-I2SN-I2SNUITests.release.xcconfig"; path = "Target Support Files/Pods-I2SN-I2SNUITests/Pods-I2SN-I2SNUITests.release.xcconfig"; sourceTree = "<group>"; };
		4EAEEFC9B7D1DD934489F3EC /* Pods_I2SN.framework */ = {isa = PBXFileReference; explicitFileType = wrapper.framework; includeInIndex = 0; path = Pods_I2SN.framework; sourceTree = BUILT_PRODUCTS_DIR; };
		7342DC31A516AB6FD004CFD6 /* Pods-I2SN.release.xcconfig */ = {isa = PBXFileReference; includeInIndex = 1; lastKnownFileType = text.xcconfig; name = "Pods-I2SN.release.xcconfig"; path = "Target Support Files/Pods-I2SN/Pods-I2SN.release.xcconfig"; sourceTree = "<group>"; };
		793A21E325BBFF350065BCC3 /* HomeViewController.swift */ = {isa = PBXFileReference; lastKnownFileType = sourcecode.swift; path = HomeViewController.swift; sourceTree = "<group>"; };
		796085BC25C04E3B00CBE361 /* TimeCell.swift */ = {isa = PBXFileReference; lastKnownFileType = sourcecode.swift; path = TimeCell.swift; sourceTree = "<group>"; };
		796085C225C2713600CBE361 /* DataKeys.swift */ = {isa = PBXFileReference; lastKnownFileType = sourcecode.swift; path = DataKeys.swift; sourceTree = "<group>"; };
		7964CAB825C6EC1F00EFC779 /* GoogleService-Info.plist */ = {isa = PBXFileReference; fileEncoding = 4; lastKnownFileType = text.plist.xml; path = "GoogleService-Info.plist"; sourceTree = "<group>"; };
		7964CB2925CB09D600EFC779 /* SoundCell.swift */ = {isa = PBXFileReference; lastKnownFileType = sourcecode.swift; path = SoundCell.swift; sourceTree = "<group>"; };
		7964CB2E25CB1A7D00EFC779 /* SoundViewController.swift */ = {isa = PBXFileReference; lastKnownFileType = sourcecode.swift; path = SoundViewController.swift; sourceTree = "<group>"; };
		7964CB3325CB2A4C00EFC779 /* SelectCell.swift */ = {isa = PBXFileReference; lastKnownFileType = sourcecode.swift; path = SelectCell.swift; sourceTree = "<group>"; };
		88054D3625CE7A99001A0D21 /* 자명종 소리.mp3 */ = {isa = PBXFileReference; lastKnownFileType = audio.mp3; path = "자명종 소리.mp3"; sourceTree = "<group>"; };
		88054D3725CE7A99001A0D21 /* 삐비동.mp3 */ = {isa = PBXFileReference; lastKnownFileType = audio.mp3; path = "삐비동.mp3"; sourceTree = "<group>"; };
		88054D3825CE7A99001A0D21 /* 긴 전화벨 소리.mp3 */ = {isa = PBXFileReference; lastKnownFileType = audio.mp3; path = "긴 전화벨 소리.mp3"; sourceTree = "<group>"; };
		88054D3925CE7A9A001A0D21 /* 포효.mp3 */ = {isa = PBXFileReference; lastKnownFileType = audio.mp3; path = "포효.mp3"; sourceTree = "<group>"; };
		88054D3A25CE7A9A001A0D21 /* 꼬꼬댁.mp3 */ = {isa = PBXFileReference; lastKnownFileType = audio.mp3; path = "꼬꼬댁.mp3"; sourceTree = "<group>"; };
		88054D3B25CE7A9A001A0D21 /* 빠른 삐삐삐삐.mp3 */ = {isa = PBXFileReference; lastKnownFileType = audio.mp3; path = "빠른 삐삐삐삐.mp3"; sourceTree = "<group>"; };
		88054D3C25CE7A9A001A0D21 /* 학교 벨소리.mp3 */ = {isa = PBXFileReference; lastKnownFileType = audio.mp3; path = "학교 벨소리.mp3"; sourceTree = "<group>"; };
		88054D3D25CE7A9A001A0D21 /* 삐삐삐삐.mp3 */ = {isa = PBXFileReference; lastKnownFileType = audio.mp3; path = "삐삐삐삐.mp3"; sourceTree = "<group>"; };
		88054D3E25CE7A9A001A0D21 /* 방사능 위험.mp3 */ = {isa = PBXFileReference; lastKnownFileType = audio.mp3; path = "방사능 위험.mp3"; sourceTree = "<group>"; };
		88054D3F25CE7A9A001A0D21 /* 비상벨.mp3 */ = {isa = PBXFileReference; lastKnownFileType = audio.mp3; path = "비상벨.mp3"; sourceTree = "<group>"; };
		88054D4025CE7A9A001A0D21 /* 삐삐.mp3 */ = {isa = PBXFileReference; lastKnownFileType = audio.mp3; path = "삐삐.mp3"; sourceTree = "<group>"; };
		8840246325BACE8400CB1ADF /* I2SN.app */ = {isa = PBXFileReference; explicitFileType = wrapper.application; includeInIndex = 0; path = I2SN.app; sourceTree = BUILT_PRODUCTS_DIR; };
		8840246625BACE8400CB1ADF /* AppDelegate.swift */ = {isa = PBXFileReference; lastKnownFileType = sourcecode.swift; path = AppDelegate.swift; sourceTree = "<group>"; };
		8840246825BACE8400CB1ADF /* SceneDelegate.swift */ = {isa = PBXFileReference; lastKnownFileType = sourcecode.swift; path = SceneDelegate.swift; sourceTree = "<group>"; };
		8840246D25BACE8400CB1ADF /* Base */ = {isa = PBXFileReference; lastKnownFileType = file.storyboard; name = Base; path = Base.lproj/Main.storyboard; sourceTree = "<group>"; };
		8840246F25BACE8500CB1ADF /* Assets.xcassets */ = {isa = PBXFileReference; lastKnownFileType = folder.assetcatalog; path = Assets.xcassets; sourceTree = "<group>"; };
		8840247225BACE8500CB1ADF /* Base */ = {isa = PBXFileReference; lastKnownFileType = file.storyboard; name = Base; path = Base.lproj/LaunchScreen.storyboard; sourceTree = "<group>"; };
		8840247425BACE8500CB1ADF /* Info.plist */ = {isa = PBXFileReference; lastKnownFileType = text.plist.xml; path = Info.plist; sourceTree = "<group>"; };
		8840247925BACE8500CB1ADF /* I2SNTests.xctest */ = {isa = PBXFileReference; explicitFileType = wrapper.cfbundle; includeInIndex = 0; path = I2SNTests.xctest; sourceTree = BUILT_PRODUCTS_DIR; };
		8840247D25BACE8500CB1ADF /* I2SNTests.swift */ = {isa = PBXFileReference; lastKnownFileType = sourcecode.swift; path = I2SNTests.swift; sourceTree = "<group>"; };
		8840247F25BACE8500CB1ADF /* Info.plist */ = {isa = PBXFileReference; lastKnownFileType = text.plist.xml; path = Info.plist; sourceTree = "<group>"; };
		8840248425BACE8500CB1ADF /* I2SNUITests.xctest */ = {isa = PBXFileReference; explicitFileType = wrapper.cfbundle; includeInIndex = 0; path = I2SNUITests.xctest; sourceTree = BUILT_PRODUCTS_DIR; };
		8840248825BACE8500CB1ADF /* I2SNUITests.swift */ = {isa = PBXFileReference; lastKnownFileType = sourcecode.swift; path = I2SNUITests.swift; sourceTree = "<group>"; };
		8840248A25BACE8500CB1ADF /* Info.plist */ = {isa = PBXFileReference; lastKnownFileType = text.plist.xml; path = Info.plist; sourceTree = "<group>"; };
		884024C425BB17C400CB1ADF /* SettingViewController.swift */ = {isa = PBXFileReference; lastKnownFileType = sourcecode.swift; path = SettingViewController.swift; sourceTree = "<group>"; };
		88ADF98825DBF4ED0079ED35 /* AudioToolbox.framework */ = {isa = PBXFileReference; lastKnownFileType = wrapper.framework; name = AudioToolbox.framework; path = System/Library/Frameworks/AudioToolbox.framework; sourceTree = SDKROOT; };
		98EAF5FE2C815D667BF05C5F /* Pods-I2SNTests.release.xcconfig */ = {isa = PBXFileReference; includeInIndex = 1; lastKnownFileType = text.xcconfig; name = "Pods-I2SNTests.release.xcconfig"; path = "Target Support Files/Pods-I2SNTests/Pods-I2SNTests.release.xcconfig"; sourceTree = "<group>"; };
		AB995FCA2D47B7C604B27A36 /* Pods-I2SNTests.debug.xcconfig */ = {isa = PBXFileReference; includeInIndex = 1; lastKnownFileType = text.xcconfig; name = "Pods-I2SNTests.debug.xcconfig"; path = "Target Support Files/Pods-I2SNTests/Pods-I2SNTests.debug.xcconfig"; sourceTree = "<group>"; };
		B4EF6953054886FDDBEC9730 /* Pods_I2SN_I2SNUITests.framework */ = {isa = PBXFileReference; explicitFileType = wrapper.framework; includeInIndex = 0; path = Pods_I2SN_I2SNUITests.framework; sourceTree = BUILT_PRODUCTS_DIR; };
		F154CCD4A4DB7AC3F5699F9B /* Pods_I2SNTests.framework */ = {isa = PBXFileReference; explicitFileType = wrapper.framework; includeInIndex = 0; path = Pods_I2SNTests.framework; sourceTree = BUILT_PRODUCTS_DIR; };
/* End PBXFileReference section */

/* Begin PBXFrameworksBuildPhase section */
		8840246025BACE8400CB1ADF /* Frameworks */ = {
			isa = PBXFrameworksBuildPhase;
			buildActionMask = 2147483647;
			files = (
				0E4EFDEB126B855BC1C996FB /* Pods_I2SN.framework in Frameworks */,
				88ADF98925DBF4ED0079ED35 /* AudioToolbox.framework in Frameworks */,
			);
			runOnlyForDeploymentPostprocessing = 0;
		};
		8840247625BACE8500CB1ADF /* Frameworks */ = {
			isa = PBXFrameworksBuildPhase;
			buildActionMask = 2147483647;
			files = (
				7EEF986FCC1691BA0F2FC3F5 /* Pods_I2SNTests.framework in Frameworks */,
			);
			runOnlyForDeploymentPostprocessing = 0;
		};
		8840248125BACE8500CB1ADF /* Frameworks */ = {
			isa = PBXFrameworksBuildPhase;
			buildActionMask = 2147483647;
			files = (
				2D65B40D67D0D4F9EBC8B1EE /* Pods_I2SN_I2SNUITests.framework in Frameworks */,
			);
			runOnlyForDeploymentPostprocessing = 0;
		};
/* End PBXFrameworksBuildPhase section */

/* Begin PBXGroup section */
		0BC3942C90E145396720A270 /* Frameworks */ = {
			isa = PBXGroup;
			children = (
				88ADF98825DBF4ED0079ED35 /* AudioToolbox.framework */,
				4EAEEFC9B7D1DD934489F3EC /* Pods_I2SN.framework */,
				B4EF6953054886FDDBEC9730 /* Pods_I2SN_I2SNUITests.framework */,
				F154CCD4A4DB7AC3F5699F9B /* Pods_I2SNTests.framework */,
			);
			name = Frameworks;
			sourceTree = "<group>";
		};
		467B632AB94E55F281F307C1 /* Pods */ = {
			isa = PBXGroup;
			children = (
				06A698295BDC537EF9B3D70A /* Pods-I2SN.debug.xcconfig */,
				7342DC31A516AB6FD004CFD6 /* Pods-I2SN.release.xcconfig */,
				17B22EF2EC49FDC4414FA072 /* Pods-I2SN-I2SNUITests.debug.xcconfig */,
				3C0267F620AD015FC91CAC9D /* Pods-I2SN-I2SNUITests.release.xcconfig */,
				AB995FCA2D47B7C604B27A36 /* Pods-I2SNTests.debug.xcconfig */,
				98EAF5FE2C815D667BF05C5F /* Pods-I2SNTests.release.xcconfig */,
			);
			path = Pods;
			sourceTree = "<group>";
		};
		7960859F25BDEE4E00CBE361 /* Controllers */ = {
			isa = PBXGroup;
			children = (
				793A21E325BBFF350065BCC3 /* HomeViewController.swift */,
				7964CB2E25CB1A7D00EFC779 /* SoundViewController.swift */,
				884024C425BB17C400CB1ADF /* SettingViewController.swift */,
			);
			path = Controllers;
			sourceTree = "<group>";
		};
		796085A025BDEE7900CBE361 /* Views */ = {
			isa = PBXGroup;
			children = (
				8840247125BACE8500CB1ADF /* LaunchScreen.storyboard */,
				8840246C25BACE8400CB1ADF /* Main.storyboard */,
				796085BC25C04E3B00CBE361 /* TimeCell.swift */,
				7964CB2925CB09D600EFC779 /* SoundCell.swift */,
				7964CB3325CB2A4C00EFC779 /* SelectCell.swift */,
			);
			path = Views;
			sourceTree = "<group>";
		};
		796085C125C270FE00CBE361 /* Utilities */ = {
			isa = PBXGroup;
			children = (
				796085C225C2713600CBE361 /* DataKeys.swift */,
			);
			path = Utilities;
			sourceTree = "<group>";
		};
		8840245A25BACE8400CB1ADF = {
			isa = PBXGroup;
			children = (
				8840246525BACE8400CB1ADF /* I2SN */,
				8840247C25BACE8500CB1ADF /* I2SNTests */,
				8840248725BACE8500CB1ADF /* I2SNUITests */,
				8840246425BACE8400CB1ADF /* Products */,
				467B632AB94E55F281F307C1 /* Pods */,
				0BC3942C90E145396720A270 /* Frameworks */,
			);
			sourceTree = "<group>";
		};
		8840246425BACE8400CB1ADF /* Products */ = {
			isa = PBXGroup;
			children = (
				8840246325BACE8400CB1ADF /* I2SN.app */,
				8840247925BACE8500CB1ADF /* I2SNTests.xctest */,
				8840248425BACE8500CB1ADF /* I2SNUITests.xctest */,
			);
			name = Products;
			sourceTree = "<group>";
		};
		8840246525BACE8400CB1ADF /* I2SN */ = {
			isa = PBXGroup;
			children = (
				88405F7E25CB36F9007374D2 /* Sound */,
				8840246625BACE8400CB1ADF /* AppDelegate.swift */,
				8840246825BACE8400CB1ADF /* SceneDelegate.swift */,
				7960859F25BDEE4E00CBE361 /* Controllers */,
				796085A025BDEE7900CBE361 /* Views */,
				796085C125C270FE00CBE361 /* Utilities */,
				8840246F25BACE8500CB1ADF /* Assets.xcassets */,
				8840247425BACE8500CB1ADF /* Info.plist */,
				7964CAB825C6EC1F00EFC779 /* GoogleService-Info.plist */,
			);
			path = I2SN;
			sourceTree = "<group>";
		};
		8840247C25BACE8500CB1ADF /* I2SNTests */ = {
			isa = PBXGroup;
			children = (
				8840247D25BACE8500CB1ADF /* I2SNTests.swift */,
				8840247F25BACE8500CB1ADF /* Info.plist */,
			);
			path = I2SNTests;
			sourceTree = "<group>";
		};
		8840248725BACE8500CB1ADF /* I2SNUITests */ = {
			isa = PBXGroup;
			children = (
				8840248825BACE8500CB1ADF /* I2SNUITests.swift */,
				8840248A25BACE8500CB1ADF /* Info.plist */,
			);
			path = I2SNUITests;
			sourceTree = "<group>";
		};
		88405F7E25CB36F9007374D2 /* Sound */ = {
			isa = PBXGroup;
			children = (
				88054D3825CE7A99001A0D21 /* 긴 전화벨 소리.mp3 */,
				88054D3A25CE7A9A001A0D21 /* 꼬꼬댁.mp3 */,
				88054D3E25CE7A9A001A0D21 /* 방사능 위험.mp3 */,
				88054D3F25CE7A9A001A0D21 /* 비상벨.mp3 */,
				88054D3B25CE7A9A001A0D21 /* 빠른 삐삐삐삐.mp3 */,
				88054D3725CE7A99001A0D21 /* 삐비동.mp3 */,
				88054D4025CE7A9A001A0D21 /* 삐삐.mp3 */,
				88054D3D25CE7A9A001A0D21 /* 삐삐삐삐.mp3 */,
				88054D3625CE7A99001A0D21 /* 자명종 소리.mp3 */,
				88054D3925CE7A9A001A0D21 /* 포효.mp3 */,
				88054D3C25CE7A9A001A0D21 /* 학교 벨소리.mp3 */,
			);
			path = Sound;
			sourceTree = "<group>";
		};
/* End PBXGroup section */

/* Begin PBXNativeTarget section */
		8840246225BACE8400CB1ADF /* I2SN */ = {
			isa = PBXNativeTarget;
			buildConfigurationList = 8840248D25BACE8500CB1ADF /* Build configuration list for PBXNativeTarget "I2SN" */;
			buildPhases = (
				B6F66D08FCB6FDCB3AEB2054 /* [CP] Check Pods Manifest.lock */,
				8840245F25BACE8400CB1ADF /* Sources */,
				8840246025BACE8400CB1ADF /* Frameworks */,
				8840246125BACE8400CB1ADF /* Resources */,
				04183B4DFC7A86EA045B66AB /* [CP] Embed Pods Frameworks */,
			);
			buildRules = (
			);
			dependencies = (
			);
			name = I2SN;
			productName = I2SN;
			productReference = 8840246325BACE8400CB1ADF /* I2SN.app */;
			productType = "com.apple.product-type.application";
		};
		8840247825BACE8500CB1ADF /* I2SNTests */ = {
			isa = PBXNativeTarget;
			buildConfigurationList = 8840249025BACE8500CB1ADF /* Build configuration list for PBXNativeTarget "I2SNTests" */;
			buildPhases = (
				AC8E59B2D20C48343BA3AF2A /* [CP] Check Pods Manifest.lock */,
				8840247525BACE8500CB1ADF /* Sources */,
				8840247625BACE8500CB1ADF /* Frameworks */,
				8840247725BACE8500CB1ADF /* Resources */,
			);
			buildRules = (
			);
			dependencies = (
				8840247B25BACE8500CB1ADF /* PBXTargetDependency */,
			);
			name = I2SNTests;
			productName = I2SNTests;
			productReference = 8840247925BACE8500CB1ADF /* I2SNTests.xctest */;
			productType = "com.apple.product-type.bundle.unit-test";
		};
		8840248325BACE8500CB1ADF /* I2SNUITests */ = {
			isa = PBXNativeTarget;
			buildConfigurationList = 8840249325BACE8500CB1ADF /* Build configuration list for PBXNativeTarget "I2SNUITests" */;
			buildPhases = (
				78D4F66A226959C3946FD047 /* [CP] Check Pods Manifest.lock */,
				8840248025BACE8500CB1ADF /* Sources */,
				8840248125BACE8500CB1ADF /* Frameworks */,
				8840248225BACE8500CB1ADF /* Resources */,
				599F444361C8382FCECF2BDC /* [CP] Embed Pods Frameworks */,
			);
			buildRules = (
			);
			dependencies = (
				8840248625BACE8500CB1ADF /* PBXTargetDependency */,
			);
			name = I2SNUITests;
			productName = I2SNUITests;
			productReference = 8840248425BACE8500CB1ADF /* I2SNUITests.xctest */;
			productType = "com.apple.product-type.bundle.ui-testing";
		};
/* End PBXNativeTarget section */

/* Begin PBXProject section */
		8840245B25BACE8400CB1ADF /* Project object */ = {
			isa = PBXProject;
			attributes = {
				LastSwiftUpdateCheck = 1230;
				LastUpgradeCheck = 1230;
				TargetAttributes = {
					8840246225BACE8400CB1ADF = {
						CreatedOnToolsVersion = 12.3;
					};
					8840247825BACE8500CB1ADF = {
						CreatedOnToolsVersion = 12.3;
						TestTargetID = 8840246225BACE8400CB1ADF;
					};
					8840248325BACE8500CB1ADF = {
						CreatedOnToolsVersion = 12.3;
						TestTargetID = 8840246225BACE8400CB1ADF;
					};
				};
			};
			buildConfigurationList = 8840245E25BACE8400CB1ADF /* Build configuration list for PBXProject "I2SN" */;
			compatibilityVersion = "Xcode 9.3";
			developmentRegion = en;
			hasScannedForEncodings = 0;
			knownRegions = (
				en,
				Base,
			);
			mainGroup = 8840245A25BACE8400CB1ADF;
			productRefGroup = 8840246425BACE8400CB1ADF /* Products */;
			projectDirPath = "";
			projectRoot = "";
			targets = (
				8840246225BACE8400CB1ADF /* I2SN */,
				8840247825BACE8500CB1ADF /* I2SNTests */,
				8840248325BACE8500CB1ADF /* I2SNUITests */,
			);
		};
/* End PBXProject section */

/* Begin PBXResourcesBuildPhase section */
		8840246125BACE8400CB1ADF /* Resources */ = {
			isa = PBXResourcesBuildPhase;
			buildActionMask = 2147483647;
			files = (
				8840247325BACE8500CB1ADF /* LaunchScreen.storyboard in Resources */,
				88054D4125CE7A9A001A0D21 /* 자명종 소리.mp3 in Resources */,
				88054D4625CE7A9A001A0D21 /* 빠른 삐삐삐삐.mp3 in Resources */,
				7964CAB925C6EC1F00EFC779 /* GoogleService-Info.plist in Resources */,
				88054D4925CE7A9A001A0D21 /* 방사능 위험.mp3 in Resources */,
				88054D4525CE7A9A001A0D21 /* 꼬꼬댁.mp3 in Resources */,
				88054D4A25CE7A9A001A0D21 /* 비상벨.mp3 in Resources */,
				8840247025BACE8500CB1ADF /* Assets.xcassets in Resources */,
				88054D4325CE7A9A001A0D21 /* 긴 전화벨 소리.mp3 in Resources */,
				88054D4225CE7A9A001A0D21 /* 삐비동.mp3 in Resources */,
				8840246E25BACE8400CB1ADF /* Main.storyboard in Resources */,
				88054D4425CE7A9A001A0D21 /* 포효.mp3 in Resources */,
				88054D4B25CE7A9A001A0D21 /* 삐삐.mp3 in Resources */,
				88054D4825CE7A9A001A0D21 /* 삐삐삐삐.mp3 in Resources */,
				88054D4725CE7A9A001A0D21 /* 학교 벨소리.mp3 in Resources */,
			);
			runOnlyForDeploymentPostprocessing = 0;
		};
		8840247725BACE8500CB1ADF /* Resources */ = {
			isa = PBXResourcesBuildPhase;
			buildActionMask = 2147483647;
			files = (
			);
			runOnlyForDeploymentPostprocessing = 0;
		};
		8840248225BACE8500CB1ADF /* Resources */ = {
			isa = PBXResourcesBuildPhase;
			buildActionMask = 2147483647;
			files = (
			);
			runOnlyForDeploymentPostprocessing = 0;
		};
/* End PBXResourcesBuildPhase section */

/* Begin PBXShellScriptBuildPhase section */
		04183B4DFC7A86EA045B66AB /* [CP] Embed Pods Frameworks */ = {
			isa = PBXShellScriptBuildPhase;
			buildActionMask = 2147483647;
			files = (
			);
			inputFileListPaths = (
				"${PODS_ROOT}/Target Support Files/Pods-I2SN/Pods-I2SN-frameworks-${CONFIGURATION}-input-files.xcfilelist",
			);
			name = "[CP] Embed Pods Frameworks";
			outputFileListPaths = (
				"${PODS_ROOT}/Target Support Files/Pods-I2SN/Pods-I2SN-frameworks-${CONFIGURATION}-output-files.xcfilelist",
			);
			runOnlyForDeploymentPostprocessing = 0;
			shellPath = /bin/sh;
			shellScript = "\"${PODS_ROOT}/Target Support Files/Pods-I2SN/Pods-I2SN-frameworks.sh\"\n";
			showEnvVarsInLog = 0;
		};
		599F444361C8382FCECF2BDC /* [CP] Embed Pods Frameworks */ = {
			isa = PBXShellScriptBuildPhase;
			buildActionMask = 2147483647;
			files = (
			);
			inputFileListPaths = (
				"${PODS_ROOT}/Target Support Files/Pods-I2SN-I2SNUITests/Pods-I2SN-I2SNUITests-frameworks-${CONFIGURATION}-input-files.xcfilelist",
			);
			name = "[CP] Embed Pods Frameworks";
			outputFileListPaths = (
				"${PODS_ROOT}/Target Support Files/Pods-I2SN-I2SNUITests/Pods-I2SN-I2SNUITests-frameworks-${CONFIGURATION}-output-files.xcfilelist",
			);
			runOnlyForDeploymentPostprocessing = 0;
			shellPath = /bin/sh;
			shellScript = "\"${PODS_ROOT}/Target Support Files/Pods-I2SN-I2SNUITests/Pods-I2SN-I2SNUITests-frameworks.sh\"\n";
			showEnvVarsInLog = 0;
		};
		78D4F66A226959C3946FD047 /* [CP] Check Pods Manifest.lock */ = {
			isa = PBXShellScriptBuildPhase;
			buildActionMask = 2147483647;
			files = (
			);
			inputFileListPaths = (
			);
			inputPaths = (
				"${PODS_PODFILE_DIR_PATH}/Podfile.lock",
				"${PODS_ROOT}/Manifest.lock",
			);
			name = "[CP] Check Pods Manifest.lock";
			outputFileListPaths = (
			);
			outputPaths = (
				"$(DERIVED_FILE_DIR)/Pods-I2SN-I2SNUITests-checkManifestLockResult.txt",
			);
			runOnlyForDeploymentPostprocessing = 0;
			shellPath = /bin/sh;
			shellScript = "diff \"${PODS_PODFILE_DIR_PATH}/Podfile.lock\" \"${PODS_ROOT}/Manifest.lock\" > /dev/null\nif [ $? != 0 ] ; then\n    # print error to STDERR\n    echo \"error: The sandbox is not in sync with the Podfile.lock. Run 'pod install' or update your CocoaPods installation.\" >&2\n    exit 1\nfi\n# This output is used by Xcode 'outputs' to avoid re-running this script phase.\necho \"SUCCESS\" > \"${SCRIPT_OUTPUT_FILE_0}\"\n";
			showEnvVarsInLog = 0;
		};
		AC8E59B2D20C48343BA3AF2A /* [CP] Check Pods Manifest.lock */ = {
			isa = PBXShellScriptBuildPhase;
			buildActionMask = 2147483647;
			files = (
			);
			inputFileListPaths = (
			);
			inputPaths = (
				"${PODS_PODFILE_DIR_PATH}/Podfile.lock",
				"${PODS_ROOT}/Manifest.lock",
			);
			name = "[CP] Check Pods Manifest.lock";
			outputFileListPaths = (
			);
			outputPaths = (
				"$(DERIVED_FILE_DIR)/Pods-I2SNTests-checkManifestLockResult.txt",
			);
			runOnlyForDeploymentPostprocessing = 0;
			shellPath = /bin/sh;
			shellScript = "diff \"${PODS_PODFILE_DIR_PATH}/Podfile.lock\" \"${PODS_ROOT}/Manifest.lock\" > /dev/null\nif [ $? != 0 ] ; then\n    # print error to STDERR\n    echo \"error: The sandbox is not in sync with the Podfile.lock. Run 'pod install' or update your CocoaPods installation.\" >&2\n    exit 1\nfi\n# This output is used by Xcode 'outputs' to avoid re-running this script phase.\necho \"SUCCESS\" > \"${SCRIPT_OUTPUT_FILE_0}\"\n";
			showEnvVarsInLog = 0;
		};
		B6F66D08FCB6FDCB3AEB2054 /* [CP] Check Pods Manifest.lock */ = {
			isa = PBXShellScriptBuildPhase;
			buildActionMask = 2147483647;
			files = (
			);
			inputFileListPaths = (
			);
			inputPaths = (
				"${PODS_PODFILE_DIR_PATH}/Podfile.lock",
				"${PODS_ROOT}/Manifest.lock",
			);
			name = "[CP] Check Pods Manifest.lock";
			outputFileListPaths = (
			);
			outputPaths = (
				"$(DERIVED_FILE_DIR)/Pods-I2SN-checkManifestLockResult.txt",
			);
			runOnlyForDeploymentPostprocessing = 0;
			shellPath = /bin/sh;
			shellScript = "diff \"${PODS_PODFILE_DIR_PATH}/Podfile.lock\" \"${PODS_ROOT}/Manifest.lock\" > /dev/null\nif [ $? != 0 ] ; then\n    # print error to STDERR\n    echo \"error: The sandbox is not in sync with the Podfile.lock. Run 'pod install' or update your CocoaPods installation.\" >&2\n    exit 1\nfi\n# This output is used by Xcode 'outputs' to avoid re-running this script phase.\necho \"SUCCESS\" > \"${SCRIPT_OUTPUT_FILE_0}\"\n";
			showEnvVarsInLog = 0;
		};
/* End PBXShellScriptBuildPhase section */

/* Begin PBXSourcesBuildPhase section */
		8840245F25BACE8400CB1ADF /* Sources */ = {
			isa = PBXSourcesBuildPhase;
			buildActionMask = 2147483647;
			files = (
				796085C325C2713600CBE361 /* DataKeys.swift in Sources */,
				7964CB2A25CB09D600EFC779 /* SoundCell.swift in Sources */,
				7964CB3425CB2A4C00EFC779 /* SelectCell.swift in Sources */,
				796085BD25C04E3B00CBE361 /* TimeCell.swift in Sources */,
				793A21E425BBFF350065BCC3 /* HomeViewController.swift in Sources */,
				7964CB2F25CB1A7D00EFC779 /* SoundViewController.swift in Sources */,
				8840246725BACE8400CB1ADF /* AppDelegate.swift in Sources */,
				8840246925BACE8400CB1ADF /* SceneDelegate.swift in Sources */,
				884024C525BB17C400CB1ADF /* SettingViewController.swift in Sources */,
			);
			runOnlyForDeploymentPostprocessing = 0;
		};
		8840247525BACE8500CB1ADF /* Sources */ = {
			isa = PBXSourcesBuildPhase;
			buildActionMask = 2147483647;
			files = (
				8840247E25BACE8500CB1ADF /* I2SNTests.swift in Sources */,
			);
			runOnlyForDeploymentPostprocessing = 0;
		};
		8840248025BACE8500CB1ADF /* Sources */ = {
			isa = PBXSourcesBuildPhase;
			buildActionMask = 2147483647;
			files = (
				8840248925BACE8500CB1ADF /* I2SNUITests.swift in Sources */,
			);
			runOnlyForDeploymentPostprocessing = 0;
		};
/* End PBXSourcesBuildPhase section */

/* Begin PBXTargetDependency section */
		8840247B25BACE8500CB1ADF /* PBXTargetDependency */ = {
			isa = PBXTargetDependency;
			target = 8840246225BACE8400CB1ADF /* I2SN */;
			targetProxy = 8840247A25BACE8500CB1ADF /* PBXContainerItemProxy */;
		};
		8840248625BACE8500CB1ADF /* PBXTargetDependency */ = {
			isa = PBXTargetDependency;
			target = 8840246225BACE8400CB1ADF /* I2SN */;
			targetProxy = 8840248525BACE8500CB1ADF /* PBXContainerItemProxy */;
		};
/* End PBXTargetDependency section */

/* Begin PBXVariantGroup section */
		8840246C25BACE8400CB1ADF /* Main.storyboard */ = {
			isa = PBXVariantGroup;
			children = (
				8840246D25BACE8400CB1ADF /* Base */,
			);
			name = Main.storyboard;
			sourceTree = "<group>";
		};
		8840247125BACE8500CB1ADF /* LaunchScreen.storyboard */ = {
			isa = PBXVariantGroup;
			children = (
				8840247225BACE8500CB1ADF /* Base */,
			);
			name = LaunchScreen.storyboard;
			sourceTree = "<group>";
		};
/* End PBXVariantGroup section */

/* Begin XCBuildConfiguration section */
		8840248B25BACE8500CB1ADF /* Debug */ = {
			isa = XCBuildConfiguration;
			buildSettings = {
				ALWAYS_SEARCH_USER_PATHS = NO;
				CLANG_ANALYZER_NONNULL = YES;
				CLANG_ANALYZER_NUMBER_OBJECT_CONVERSION = YES_AGGRESSIVE;
				CLANG_CXX_LANGUAGE_STANDARD = "gnu++14";
				CLANG_CXX_LIBRARY = "libc++";
				CLANG_ENABLE_MODULES = YES;
				CLANG_ENABLE_OBJC_ARC = YES;
				CLANG_ENABLE_OBJC_WEAK = YES;
				CLANG_WARN_BLOCK_CAPTURE_AUTORELEASING = YES;
				CLANG_WARN_BOOL_CONVERSION = YES;
				CLANG_WARN_COMMA = YES;
				CLANG_WARN_CONSTANT_CONVERSION = YES;
				CLANG_WARN_DEPRECATED_OBJC_IMPLEMENTATIONS = YES;
				CLANG_WARN_DIRECT_OBJC_ISA_USAGE = YES_ERROR;
				CLANG_WARN_DOCUMENTATION_COMMENTS = YES;
				CLANG_WARN_EMPTY_BODY = YES;
				CLANG_WARN_ENUM_CONVERSION = YES;
				CLANG_WARN_INFINITE_RECURSION = YES;
				CLANG_WARN_INT_CONVERSION = YES;
				CLANG_WARN_NON_LITERAL_NULL_CONVERSION = YES;
				CLANG_WARN_OBJC_IMPLICIT_RETAIN_SELF = YES;
				CLANG_WARN_OBJC_LITERAL_CONVERSION = YES;
				CLANG_WARN_OBJC_ROOT_CLASS = YES_ERROR;
				CLANG_WARN_QUOTED_INCLUDE_IN_FRAMEWORK_HEADER = YES;
				CLANG_WARN_RANGE_LOOP_ANALYSIS = YES;
				CLANG_WARN_STRICT_PROTOTYPES = YES;
				CLANG_WARN_SUSPICIOUS_MOVE = YES;
				CLANG_WARN_UNGUARDED_AVAILABILITY = YES_AGGRESSIVE;
				CLANG_WARN_UNREACHABLE_CODE = YES;
				CLANG_WARN__DUPLICATE_METHOD_MATCH = YES;
				COPY_PHASE_STRIP = NO;
				DEBUG_INFORMATION_FORMAT = dwarf;
				ENABLE_STRICT_OBJC_MSGSEND = YES;
				ENABLE_TESTABILITY = YES;
				GCC_C_LANGUAGE_STANDARD = gnu11;
				GCC_DYNAMIC_NO_PIC = NO;
				GCC_NO_COMMON_BLOCKS = YES;
				GCC_OPTIMIZATION_LEVEL = 0;
				GCC_PREPROCESSOR_DEFINITIONS = (
					"DEBUG=1",
					"$(inherited)",
				);
				GCC_WARN_64_TO_32_BIT_CONVERSION = YES;
				GCC_WARN_ABOUT_RETURN_TYPE = YES_ERROR;
				GCC_WARN_UNDECLARED_SELECTOR = YES;
				GCC_WARN_UNINITIALIZED_AUTOS = YES_AGGRESSIVE;
				GCC_WARN_UNUSED_FUNCTION = YES;
				GCC_WARN_UNUSED_VARIABLE = YES;
				IPHONEOS_DEPLOYMENT_TARGET = 14.3;
				MTL_ENABLE_DEBUG_INFO = INCLUDE_SOURCE;
				MTL_FAST_MATH = YES;
				ONLY_ACTIVE_ARCH = YES;
				SDKROOT = iphoneos;
				SWIFT_ACTIVE_COMPILATION_CONDITIONS = DEBUG;
				SWIFT_OPTIMIZATION_LEVEL = "-Onone";
			};
			name = Debug;
		};
		8840248C25BACE8500CB1ADF /* Release */ = {
			isa = XCBuildConfiguration;
			buildSettings = {
				ALWAYS_SEARCH_USER_PATHS = NO;
				CLANG_ANALYZER_NONNULL = YES;
				CLANG_ANALYZER_NUMBER_OBJECT_CONVERSION = YES_AGGRESSIVE;
				CLANG_CXX_LANGUAGE_STANDARD = "gnu++14";
				CLANG_CXX_LIBRARY = "libc++";
				CLANG_ENABLE_MODULES = YES;
				CLANG_ENABLE_OBJC_ARC = YES;
				CLANG_ENABLE_OBJC_WEAK = YES;
				CLANG_WARN_BLOCK_CAPTURE_AUTORELEASING = YES;
				CLANG_WARN_BOOL_CONVERSION = YES;
				CLANG_WARN_COMMA = YES;
				CLANG_WARN_CONSTANT_CONVERSION = YES;
				CLANG_WARN_DEPRECATED_OBJC_IMPLEMENTATIONS = YES;
				CLANG_WARN_DIRECT_OBJC_ISA_USAGE = YES_ERROR;
				CLANG_WARN_DOCUMENTATION_COMMENTS = YES;
				CLANG_WARN_EMPTY_BODY = YES;
				CLANG_WARN_ENUM_CONVERSION = YES;
				CLANG_WARN_INFINITE_RECURSION = YES;
				CLANG_WARN_INT_CONVERSION = YES;
				CLANG_WARN_NON_LITERAL_NULL_CONVERSION = YES;
				CLANG_WARN_OBJC_IMPLICIT_RETAIN_SELF = YES;
				CLANG_WARN_OBJC_LITERAL_CONVERSION = YES;
				CLANG_WARN_OBJC_ROOT_CLASS = YES_ERROR;
				CLANG_WARN_QUOTED_INCLUDE_IN_FRAMEWORK_HEADER = YES;
				CLANG_WARN_RANGE_LOOP_ANALYSIS = YES;
				CLANG_WARN_STRICT_PROTOTYPES = YES;
				CLANG_WARN_SUSPICIOUS_MOVE = YES;
				CLANG_WARN_UNGUARDED_AVAILABILITY = YES_AGGRESSIVE;
				CLANG_WARN_UNREACHABLE_CODE = YES;
				CLANG_WARN__DUPLICATE_METHOD_MATCH = YES;
				COPY_PHASE_STRIP = NO;
				DEBUG_INFORMATION_FORMAT = "dwarf-with-dsym";
				ENABLE_NS_ASSERTIONS = NO;
				ENABLE_STRICT_OBJC_MSGSEND = YES;
				GCC_C_LANGUAGE_STANDARD = gnu11;
				GCC_NO_COMMON_BLOCKS = YES;
				GCC_WARN_64_TO_32_BIT_CONVERSION = YES;
				GCC_WARN_ABOUT_RETURN_TYPE = YES_ERROR;
				GCC_WARN_UNDECLARED_SELECTOR = YES;
				GCC_WARN_UNINITIALIZED_AUTOS = YES_AGGRESSIVE;
				GCC_WARN_UNUSED_FUNCTION = YES;
				GCC_WARN_UNUSED_VARIABLE = YES;
				IPHONEOS_DEPLOYMENT_TARGET = 14.3;
				MTL_ENABLE_DEBUG_INFO = NO;
				MTL_FAST_MATH = YES;
				SDKROOT = iphoneos;
				SWIFT_COMPILATION_MODE = wholemodule;
				SWIFT_OPTIMIZATION_LEVEL = "-O";
				VALIDATE_PRODUCT = YES;
			};
			name = Release;
		};
		8840248E25BACE8500CB1ADF /* Debug */ = {
			isa = XCBuildConfiguration;
			baseConfigurationReference = 06A698295BDC537EF9B3D70A /* Pods-I2SN.debug.xcconfig */;
			buildSettings = {
				ASSETCATALOG_COMPILER_APPICON_NAME = AppIcon;
				ASSETCATALOG_COMPILER_GLOBAL_ACCENT_COLOR_NAME = AccentColor;
				CODE_SIGN_STYLE = Automatic;
				DEVELOPMENT_TEAM = X3NRCG6G95;
				INFOPLIST_FILE = I2SN/Info.plist;
				LD_RUNPATH_SEARCH_PATHS = (
					"$(inherited)",
					"@executable_path/Frameworks",
				);
				PRODUCT_BUNDLE_IDENTIFIER = com.hand.I2SN;
				PRODUCT_NAME = "$(TARGET_NAME)";
				SWIFT_VERSION = 5.0;
				TARGETED_DEVICE_FAMILY = 1;
			};
			name = Debug;
		};
		8840248F25BACE8500CB1ADF /* Release */ = {
			isa = XCBuildConfiguration;
			baseConfigurationReference = 7342DC31A516AB6FD004CFD6 /* Pods-I2SN.release.xcconfig */;
			buildSettings = {
				ASSETCATALOG_COMPILER_APPICON_NAME = AppIcon;
				ASSETCATALOG_COMPILER_GLOBAL_ACCENT_COLOR_NAME = AccentColor;
				CODE_SIGN_STYLE = Automatic;
				DEVELOPMENT_TEAM = X3NRCG6G95;
				INFOPLIST_FILE = I2SN/Info.plist;
				LD_RUNPATH_SEARCH_PATHS = (
					"$(inherited)",
					"@executable_path/Frameworks",
				);
				PRODUCT_BUNDLE_IDENTIFIER = com.hand.I2SN;
				PRODUCT_NAME = "$(TARGET_NAME)";
				SWIFT_VERSION = 5.0;
				TARGETED_DEVICE_FAMILY = 1;
			};
			name = Release;
		};
		8840249125BACE8500CB1ADF /* Debug */ = {
			isa = XCBuildConfiguration;
			baseConfigurationReference = AB995FCA2D47B7C604B27A36 /* Pods-I2SNTests.debug.xcconfig */;
			buildSettings = {
				ALWAYS_EMBED_SWIFT_STANDARD_LIBRARIES = YES;
				BUNDLE_LOADER = "$(TEST_HOST)";
				CODE_SIGN_STYLE = Automatic;
				INFOPLIST_FILE = I2SNTests/Info.plist;
				IPHONEOS_DEPLOYMENT_TARGET = 14.3;
				LD_RUNPATH_SEARCH_PATHS = (
					"$(inherited)",
					"@executable_path/Frameworks",
					"@loader_path/Frameworks",
				);
				PRODUCT_BUNDLE_IDENTIFIER = com.hand.I2SNTests;
				PRODUCT_NAME = "$(TARGET_NAME)";
				SWIFT_VERSION = 5.0;
				TARGETED_DEVICE_FAMILY = "1,2";
				TEST_HOST = "$(BUILT_PRODUCTS_DIR)/I2SN.app/I2SN";
			};
			name = Debug;
		};
		8840249225BACE8500CB1ADF /* Release */ = {
			isa = XCBuildConfiguration;
			baseConfigurationReference = 98EAF5FE2C815D667BF05C5F /* Pods-I2SNTests.release.xcconfig */;
			buildSettings = {
				ALWAYS_EMBED_SWIFT_STANDARD_LIBRARIES = YES;
				BUNDLE_LOADER = "$(TEST_HOST)";
				CODE_SIGN_STYLE = Automatic;
				INFOPLIST_FILE = I2SNTests/Info.plist;
				IPHONEOS_DEPLOYMENT_TARGET = 14.3;
				LD_RUNPATH_SEARCH_PATHS = (
					"$(inherited)",
					"@executable_path/Frameworks",
					"@loader_path/Frameworks",
				);
				PRODUCT_BUNDLE_IDENTIFIER = com.hand.I2SNTests;
				PRODUCT_NAME = "$(TARGET_NAME)";
				SWIFT_VERSION = 5.0;
				TARGETED_DEVICE_FAMILY = "1,2";
				TEST_HOST = "$(BUILT_PRODUCTS_DIR)/I2SN.app/I2SN";
			};
			name = Release;
		};
		8840249425BACE8500CB1ADF /* Debug */ = {
			isa = XCBuildConfiguration;
			baseConfigurationReference = 17B22EF2EC49FDC4414FA072 /* Pods-I2SN-I2SNUITests.debug.xcconfig */;
			buildSettings = {
				ALWAYS_EMBED_SWIFT_STANDARD_LIBRARIES = YES;
				CODE_SIGN_STYLE = Automatic;
				INFOPLIST_FILE = I2SNUITests/Info.plist;
				LD_RUNPATH_SEARCH_PATHS = (
					"$(inherited)",
					"@executable_path/Frameworks",
					"@loader_path/Frameworks",
				);
				PRODUCT_BUNDLE_IDENTIFIER = com.hand.I2SNUITests;
				PRODUCT_NAME = "$(TARGET_NAME)";
				SWIFT_VERSION = 5.0;
				TARGETED_DEVICE_FAMILY = "1,2";
				TEST_TARGET_NAME = I2SN;
			};
			name = Debug;
		};
		8840249525BACE8500CB1ADF /* Release */ = {
			isa = XCBuildConfiguration;
			baseConfigurationReference = 3C0267F620AD015FC91CAC9D /* Pods-I2SN-I2SNUITests.release.xcconfig */;
			buildSettings = {
				ALWAYS_EMBED_SWIFT_STANDARD_LIBRARIES = YES;
				CODE_SIGN_STYLE = Automatic;
				INFOPLIST_FILE = I2SNUITests/Info.plist;
				LD_RUNPATH_SEARCH_PATHS = (
					"$(inherited)",
					"@executable_path/Frameworks",
					"@loader_path/Frameworks",
				);
				PRODUCT_BUNDLE_IDENTIFIER = com.hand.I2SNUITests;
				PRODUCT_NAME = "$(TARGET_NAME)";
				SWIFT_VERSION = 5.0;
				TARGETED_DEVICE_FAMILY = "1,2";
				TEST_TARGET_NAME = I2SN;
			};
			name = Release;
		};
/* End XCBuildConfiguration section */

/* Begin XCConfigurationList section */
		8840245E25BACE8400CB1ADF /* Build configuration list for PBXProject "I2SN" */ = {
			isa = XCConfigurationList;
			buildConfigurations = (
				8840248B25BACE8500CB1ADF /* Debug */,
				8840248C25BACE8500CB1ADF /* Release */,
			);
			defaultConfigurationIsVisible = 0;
			defaultConfigurationName = Release;
		};
		8840248D25BACE8500CB1ADF /* Build configuration list for PBXNativeTarget "I2SN" */ = {
			isa = XCConfigurationList;
			buildConfigurations = (
				8840248E25BACE8500CB1ADF /* Debug */,
				8840248F25BACE8500CB1ADF /* Release */,
			);
			defaultConfigurationIsVisible = 0;
			defaultConfigurationName = Release;
		};
		8840249025BACE8500CB1ADF /* Build configuration list for PBXNativeTarget "I2SNTests" */ = {
			isa = XCConfigurationList;
			buildConfigurations = (
				8840249125BACE8500CB1ADF /* Debug */,
				8840249225BACE8500CB1ADF /* Release */,
			);
			defaultConfigurationIsVisible = 0;
			defaultConfigurationName = Release;
		};
		8840249325BACE8500CB1ADF /* Build configuration list for PBXNativeTarget "I2SNUITests" */ = {
			isa = XCConfigurationList;
			buildConfigurations = (
				8840249425BACE8500CB1ADF /* Debug */,
				8840249525BACE8500CB1ADF /* Release */,
			);
			defaultConfigurationIsVisible = 0;
			defaultConfigurationName = Release;
		};
/* End XCConfigurationList section */
	};
	rootObject = 8840245B25BACE8400CB1ADF /* Project object */;
}
